
Microsoft Visual Studio Solution File, Format Version 12.00
# Visual Studio 15
VisualStudioVersion = 15.0.28307.438
MinimumVisualStudioVersion = 10.0.40219.1
Project("{2150E333-8FDC-42A3-9474-1A3956D46DE8}") = "1. Hosted Service Desafio Globo", "1. Hosted Service Desafio Globo", "{381278A8-82FE-4C1A-A880-0297BB971785}"
EndProject
Project("{2150E333-8FDC-42A3-9474-1A3956D46DE8}") = "1. Host Layer", "1. Host Layer", "{29B70AF8-592F-4A47-99C8-606202F92733}"
EndProject
Project("{2150E333-8FDC-42A3-9474-1A3956D46DE8}") = "1. HostedService", "1. HostedService", "{3D02EF87-0900-428E-8118-8C70A84EFB7A}"
EndProject
Project("{9A19103F-16F7-4668-BE54-9A1E7A4F7556}") = "Desafio.Host.HostedService", "Desafio.Host.HostedService\Desafio.Host.HostedService.csproj", "{C1D8B4F9-7523-49E2-8FEA-E36764AB482E}"
EndProject
Project("{2150E333-8FDC-42A3-9474-1A3956D46DE8}") = "2. Domain Layer", "2. Domain Layer", "{39C7B50F-6144-4020-8FFB-B09BBA20864E}"
EndProject
Project("{2150E333-8FDC-42A3-9474-1A3956D46DE8}") = "1. Contracts", "1. Contracts", "{315CB714-2153-4E2D-9F4A-53718157AA56}"
EndProject
Project("{2150E333-8FDC-42A3-9474-1A3956D46DE8}") = "2. Implementatios", "2. Implementatios", "{4C6EF1A3-D288-4C7F-A490-8E75B2664A5A}"
EndProject
Project("{2150E333-8FDC-42A3-9474-1A3956D46DE8}") = "3. Models", "3. Models", "{3C80F029-9570-40B0-ABD8-0E54B5B42DE7}"
EndProject
Project("{2150E333-8FDC-42A3-9474-1A3956D46DE8}") = "4. Data Transfer Object", "4. Data Transfer Object", "{DB7DDCE4-A0EE-48F5-88D3-684075D53DD9}"
EndProject
Project("{9A19103F-16F7-4668-BE54-9A1E7A4F7556}") = "Desafio.Domain.Services.Entity", "Desafio.Domain.Services.Entity\Desafio.Domain.Services.Entity.csproj", "{22569B07-2463-49D9-906B-8A1F21F518FB}"
EndProject
Project("{9A19103F-16F7-4668-BE54-9A1E7A4F7556}") = "Desafio.Domain.Services.Task", "Desafio.Domain.Services.Task\Desafio.Domain.Services.Task.csproj", "{964FF408-1F5E-4439-979D-85D6B0CB3103}"
EndProject
Project("{9A19103F-16F7-4668-BE54-9A1E7A4F7556}") = "Desafio.Domain.Services.Imp.Entity", "Desafui.Domain.Services.Imp.Entity\Desafio.Domain.Services.Imp.Entity.csproj", "{60363656-98F3-4FC9-810E-3B2123CBF189}"
EndProject
Project("{9A19103F-16F7-4668-BE54-9A1E7A4F7556}") = "Desafio.Domain.Services.Imp.Task", "Desafio.Domain.Services.Imp.Task\Desafio.Domain.Services.Imp.Task.csproj", "{E115F46C-C899-4C23-9B46-E2978FEA24C6}"
EndProject
Project("{9A19103F-16F7-4668-BE54-9A1E7A4F7556}") = "Desafio.Domain.Models", "Desafio.Domain.Models\Desafio.Domain.Models.csproj", "{00EF0284-9944-4123-8F4F-9A4502B5426C}"
EndProject
Project("{9A19103F-16F7-4668-BE54-9A1E7A4F7556}") = "Desafio.Domain.Services.Dto", "Desafio.Domain.Services.Dto\Desafio.Domain.Services.Dto.csproj", "{256D1232-60D0-46F7-A598-4ABC971C637D}"
EndProject
Project("{2150E333-8FDC-42A3-9474-1A3956D46DE8}") = "3. Infrastructure Layer", "3. Infrastructure Layer", "{7FF9D2CA-D351-41FB-802B-9640C0D34EFC}"
EndProject
Project("{2150E333-8FDC-42A3-9474-1A3956D46DE8}") = "1. Cross Cuting", "1. Cross Cuting", "{A59CE0EF-48B7-4CC5-91C0-01311700F552}"
EndProject
Project("{FAE04EC0-301F-11D3-BF4B-00C04F79EFBC}") = "Desafio.Infrastruture.CrossCutting", "Desafio.Infrastruture.CrossCutting\Desafio.Infrastruture.CrossCutting.csproj", "{76674A87-C28F-4750-B04D-D3A5A1999889}"
EndProject
Project("{2150E333-8FDC-42A3-9474-1A3956D46DE8}") = "2. Data", "2. Data", "{8798F762-EEA7-41E1-96F8-B3C385E7C05D}"
EndProject
Project("{2150E333-8FDC-42A3-9474-1A3956D46DE8}") = "3. Service Provider", "3. Service Provider", "{E23E7F94-079F-4E1B-ACC6-F91A1AF426CB}"
EndProject
Project("{FAE04EC0-301F-11D3-BF4B-00C04F79EFBC}") = "Desafio.Infrastruture.Services.Providers", "Desafio.Infrastruture.Services.Providers\Desafio.Infrastruture.Services.Providers.csproj", "{2A46CF8A-7CED-4934-9CC7-620AFC0FF5BC}"
EndProject
Project("{FAE04EC0-301F-11D3-BF4B-00C04F79EFBC}") = "Desafio.Infrastruture.Services.Providers.Messages", "Desafio.Infrastruture.Services.Providers.Messages\Desafio.Infrastruture.Services.Providers.Messages.csproj", "{401B87C7-D2F8-40E9-8DF5-5C656214C424}"
EndProject
Project("{FAE04EC0-301F-11D3-BF4B-00C04F79EFBC}") = "Desafio.Infrastructure.DataAcess", "Desafio.Infrastructure.DataAcess\Desafio.Infrastructure.DataAcess.csproj", "{7AC3EF93-9931-4373-B8E7-B09C966A71E7}"
EndProject
Project("{FAE04EC0-301F-11D3-BF4B-00C04F79EFBC}") = "Desafio.Infrastructure.DataAcess.MongoDB", "Desafio.Infrastructure.DataAcess.MongoDB\Desafio.Infrastructure.DataAcess.MongoDB.csproj", "{21DC8A03-C27A-4290-8240-778164EFB2C5}"
EndProject
Global
	GlobalSection(SolutionConfigurationPlatforms) = preSolution
		Debug|Any CPU = Debug|Any CPU
		Release|Any CPU = Release|Any CPU
	EndGlobalSection
	GlobalSection(ProjectConfigurationPlatforms) = postSolution
		{C1D8B4F9-7523-49E2-8FEA-E36764AB482E}.Debug|Any CPU.ActiveCfg = Debug|Any CPU
		{C1D8B4F9-7523-49E2-8FEA-E36764AB482E}.Debug|Any CPU.Build.0 = Debug|Any CPU
		{C1D8B4F9-7523-49E2-8FEA-E36764AB482E}.Release|Any CPU.ActiveCfg = Release|Any CPU
		{C1D8B4F9-7523-49E2-8FEA-E36764AB482E}.Release|Any CPU.Build.0 = Release|Any CPU
		{22569B07-2463-49D9-906B-8A1F21F518FB}.Debug|Any CPU.ActiveCfg = Debug|Any CPU
		{22569B07-2463-49D9-906B-8A1F21F518FB}.Debug|Any CPU.Build.0 = Debug|Any CPU
		{22569B07-2463-49D9-906B-8A1F21F518FB}.Release|Any CPU.ActiveCfg = Release|Any CPU
		{22569B07-2463-49D9-906B-8A1F21F518FB}.Release|Any CPU.Build.0 = Release|Any CPU
		{964FF408-1F5E-4439-979D-85D6B0CB3103}.Debug|Any CPU.ActiveCfg = Debug|Any CPU
		{964FF408-1F5E-4439-979D-85D6B0CB3103}.Debug|Any CPU.Build.0 = Debug|Any CPU
		{964FF408-1F5E-4439-979D-85D6B0CB3103}.Release|Any CPU.ActiveCfg = Release|Any CPU
		{964FF408-1F5E-4439-979D-85D6B0CB3103}.Release|Any CPU.Build.0 = Release|Any CPU
		{60363656-98F3-4FC9-810E-3B2123CBF189}.Debug|Any CPU.ActiveCfg = Debug|Any CPU
		{60363656-98F3-4FC9-810E-3B2123CBF189}.Debug|Any CPU.Build.0 = Debug|Any CPU
		{60363656-98F3-4FC9-810E-3B2123CBF189}.Release|Any CPU.ActiveCfg = Release|Any CPU
		{60363656-98F3-4FC9-810E-3B2123CBF189}.Release|Any CPU.Build.0 = Release|Any CPU
		{E115F46C-C899-4C23-9B46-E2978FEA24C6}.Debug|Any CPU.ActiveCfg = Debug|Any CPU
		{E115F46C-C899-4C23-9B46-E2978FEA24C6}.Debug|Any CPU.Build.0 = Debug|Any CPU
		{E115F46C-C899-4C23-9B46-E2978FEA24C6}.Release|Any CPU.ActiveCfg = Release|Any CPU
		{E115F46C-C899-4C23-9B46-E2978FEA24C6}.Release|Any CPU.Build.0 = Release|Any CPU
		{00EF0284-9944-4123-8F4F-9A4502B5426C}.Debug|Any CPU.ActiveCfg = Debug|Any CPU
		{00EF0284-9944-4123-8F4F-9A4502B5426C}.Debug|Any CPU.Build.0 = Debug|Any CPU
		{00EF0284-9944-4123-8F4F-9A4502B5426C}.Release|Any CPU.ActiveCfg = Release|Any CPU
		{00EF0284-9944-4123-8F4F-9A4502B5426C}.Release|Any CPU.Build.0 = Release|Any CPU
		{256D1232-60D0-46F7-A598-4ABC971C637D}.Debug|Any CPU.ActiveCfg = Debug|Any CPU
		{256D1232-60D0-46F7-A598-4ABC971C637D}.Debug|Any CPU.Build.0 = Debug|Any CPU
		{256D1232-60D0-46F7-A598-4ABC971C637D}.Release|Any CPU.ActiveCfg = Release|Any CPU
		{256D1232-60D0-46F7-A598-4ABC971C637D}.Release|Any CPU.Build.0 = Release|Any CPU
		{76674A87-C28F-4750-B04D-D3A5A1999889}.Debug|Any CPU.ActiveCfg = Debug|Any CPU
		{76674A87-C28F-4750-B04D-D3A5A1999889}.Debug|Any CPU.Build.0 = Debug|Any CPU
		{76674A87-C28F-4750-B04D-D3A5A1999889}.Release|Any CPU.ActiveCfg = Release|Any CPU
		{76674A87-C28F-4750-B04D-D3A5A1999889}.Release|Any CPU.Build.0 = Release|Any CPU
		{2A46CF8A-7CED-4934-9CC7-620AFC0FF5BC}.Debug|Any CPU.ActiveCfg = Debug|Any CPU
		{2A46CF8A-7CED-4934-9CC7-620AFC0FF5BC}.Debug|Any CPU.Build.0 = Debug|Any CPU
		{2A46CF8A-7CED-4934-9CC7-620AFC0FF5BC}.Release|Any CPU.ActiveCfg = Release|Any CPU
		{2A46CF8A-7CED-4934-9CC7-620AFC0FF5BC}.Release|Any CPU.Build.0 = Release|Any CPU
		{401B87C7-D2F8-40E9-8DF5-5C656214C424}.Debug|Any CPU.ActiveCfg = Debug|Any CPU
		{401B87C7-D2F8-40E9-8DF5-5C656214C424}.Debug|Any CPU.Build.0 = Debug|Any CPU
		{401B87C7-D2F8-40E9-8DF5-5C656214C424}.Release|Any CPU.ActiveCfg = Release|Any CPU
		{401B87C7-D2F8-40E9-8DF5-5C656214C424}.Release|Any CPU.Build.0 = Release|Any CPU
		{7AC3EF93-9931-4373-B8E7-B09C966A71E7}.Debug|Any CPU.ActiveCfg = Debug|Any CPU
		{7AC3EF93-9931-4373-B8E7-B09C966A71E7}.Debug|Any CPU.Build.0 = Debug|Any CPU
		{7AC3EF93-9931-4373-B8E7-B09C966A71E7}.Release|Any CPU.ActiveCfg = Release|Any CPU
		{7AC3EF93-9931-4373-B8E7-B09C966A71E7}.Release|Any CPU.Build.0 = Release|Any CPU
		{21DC8A03-C27A-4290-8240-778164EFB2C5}.Debug|Any CPU.ActiveCfg = Debug|Any CPU
		{21DC8A03-C27A-4290-8240-778164EFB2C5}.Debug|Any CPU.Build.0 = Debug|Any CPU
		{21DC8A03-C27A-4290-8240-778164EFB2C5}.Release|Any CPU.ActiveCfg = Release|Any CPU
		{21DC8A03-C27A-4290-8240-778164EFB2C5}.Release|Any CPU.Build.0 = Release|Any CPU
	EndGlobalSection
	GlobalSection(SolutionProperties) = preSolution
		HideSolutionNode = FALSE
	EndGlobalSection
	GlobalSection(NestedProjects) = preSolution
		{29B70AF8-592F-4A47-99C8-606202F92733} = {381278A8-82FE-4C1A-A880-0297BB971785}
		{3D02EF87-0900-428E-8118-8C70A84EFB7A} = {29B70AF8-592F-4A47-99C8-606202F92733}
		{C1D8B4F9-7523-49E2-8FEA-E36764AB482E} = {3D02EF87-0900-428E-8118-8C70A84EFB7A}
		{39C7B50F-6144-4020-8FFB-B09BBA20864E} = {381278A8-82FE-4C1A-A880-0297BB971785}
		{315CB714-2153-4E2D-9F4A-53718157AA56} = {39C7B50F-6144-4020-8FFB-B09BBA20864E}
		{4C6EF1A3-D288-4C7F-A490-8E75B2664A5A} = {39C7B50F-6144-4020-8FFB-B09BBA20864E}
		{3C80F029-9570-40B0-ABD8-0E54B5B42DE7} = {39C7B50F-6144-4020-8FFB-B09BBA20864E}
		{DB7DDCE4-A0EE-48F5-88D3-684075D53DD9} = {39C7B50F-6144-4020-8FFB-B09BBA20864E}
		{22569B07-2463-49D9-906B-8A1F21F518FB} = {315CB714-2153-4E2D-9F4A-53718157AA56}
		{964FF408-1F5E-4439-979D-85D6B0CB3103} = {315CB714-2153-4E2D-9F4A-53718157AA56}
		{60363656-98F3-4FC9-810E-3B2123CBF189} = {4C6EF1A3-D288-4C7F-A490-8E75B2664A5A}
		{E115F46C-C899-4C23-9B46-E2978FEA24C6} = {4C6EF1A3-D288-4C7F-A490-8E75B2664A5A}
		{00EF0284-9944-4123-8F4F-9A4502B5426C} = {3C80F029-9570-40B0-ABD8-0E54B5B42DE7}
		{256D1232-60D0-46F7-A598-4ABC971C637D} = {DB7DDCE4-A0EE-48F5-88D3-684075D53DD9}
		{7FF9D2CA-D351-41FB-802B-9640C0D34EFC} = {381278A8-82FE-4C1A-A880-0297BB971785}
		{A59CE0EF-48B7-4CC5-91C0-01311700F552} = {7FF9D2CA-D351-41FB-802B-9640C0D34EFC}
		{76674A87-C28F-4750-B04D-D3A5A1999889} = {A59CE0EF-48B7-4CC5-91C0-01311700F552}
		{8798F762-EEA7-41E1-96F8-B3C385E7C05D} = {7FF9D2CA-D351-41FB-802B-9640C0D34EFC}
		{E23E7F94-079F-4E1B-ACC6-F91A1AF426CB} = {7FF9D2CA-D351-41FB-802B-9640C0D34EFC}
		{2A46CF8A-7CED-4934-9CC7-620AFC0FF5BC} = {E23E7F94-079F-4E1B-ACC6-F91A1AF426CB}
		{401B87C7-D2F8-40E9-8DF5-5C656214C424} = {E23E7F94-079F-4E1B-ACC6-F91A1AF426CB}
		{7AC3EF93-9931-4373-B8E7-B09C966A71E7} = {8798F762-EEA7-41E1-96F8-B3C385E7C05D}
		{21DC8A03-C27A-4290-8240-778164EFB2C5} = {8798F762-EEA7-41E1-96F8-B3C385E7C05D}
	EndGlobalSection
	GlobalSection(ExtensibilityGlobals) = postSolution
		SolutionGuid = {FF051DE8-D089-4731-A35A-725B0381B712}
	EndGlobalSection
EndGlobal
